
Microsoft Visual Studio Solution File, Format Version 12.00
# Visual Studio Version 17
VisualStudioVersion = 17.2.32519.379
MinimumVisualStudioVersion = 10.0.40219.1
Project("{FAE04EC0-301F-11D3-BF4B-00C04F79EFBC}") = "SheduleCalendar", "SheduleCalendar\SheduleCalendar.csproj", "{21C9A4B2-E543-491F-B8B7-F391DA021CA9}"
EndProject
Project("{9A19103F-16F7-4668-BE54-9A1E7A4F7556}") = "SheduleCalendar.Core", "SheduleCalendar.Core\SheduleCalendar.Core.csproj", "{104481F9-315A-4396-ADCB-2C3DFB5EA3B7}"
EndProject
Global
	GlobalSection(SolutionConfigurationPlatforms) = preSolution
		Debug|Any CPU = Debug|Any CPU
		Debug|ARM = Debug|ARM
		Debug|ARM64 = Debug|ARM64
		Debug|x64 = Debug|x64
		Debug|x86 = Debug|x86
		Release|Any CPU = Release|Any CPU
		Release|ARM = Release|ARM
		Release|ARM64 = Release|ARM64
		Release|x64 = Release|x64
		Release|x86 = Release|x86
	EndGlobalSection
	GlobalSection(ProjectConfigurationPlatforms) = postSolution
		{21C9A4B2-E543-491F-B8B7-F391DA021CA9}.Debug|Any CPU.ActiveCfg = Debug|x64
		{21C9A4B2-E543-491F-B8B7-F391DA021CA9}.Debug|Any CPU.Build.0 = Debug|x64
		{21C9A4B2-E543-491F-B8B7-F391DA021CA9}.Debug|Any CPU.Deploy.0 = Debug|x64
		{21C9A4B2-E543-491F-B8B7-F391DA021CA9}.Debug|ARM.ActiveCfg = Debug|ARM
		{21C9A4B2-E543-491F-B8B7-F391DA021CA9}.Debug|ARM.Build.0 = Debug|ARM
		{21C9A4B2-E543-491F-B8B7-F391DA021CA9}.Debug|ARM.Deploy.0 = Debug|ARM
		{21C9A4B2-E543-491F-B8B7-F391DA021CA9}.Debug|ARM64.ActiveCfg = Debug|ARM64
		{21C9A4B2-E543-491F-B8B7-F391DA021CA9}.Debug|ARM64.Build.0 = Debug|ARM64
		{21C9A4B2-E543-491F-B8B7-F391DA021CA9}.Debug|ARM64.Deploy.0 = Debug|ARM64
		{21C9A4B2-E543-491F-B8B7-F391DA021CA9}.Debug|x64.ActiveCfg = Debug|x64
		{21C9A4B2-E543-491F-B8B7-F391DA021CA9}.Debug|x64.Build.0 = Debug|x64
		{21C9A4B2-E543-491F-B8B7-F391DA021CA9}.Debug|x64.Deploy.0 = Debug|x64
		{21C9A4B2-E543-491F-B8B7-F391DA021CA9}.Debug|x86.ActiveCfg = Debug|x86
		{21C9A4B2-E543-491F-B8B7-F391DA021CA9}.Debug|x86.Build.0 = Debug|x86
		{21C9A4B2-E543-491F-B8B7-F391DA021CA9}.Debug|x86.Deploy.0 = Debug|x86
		{21C9A4B2-E543-491F-B8B7-F391DA021CA9}.Release|Any CPU.ActiveCfg = Release|x64
		{21C9A4B2-E543-491F-B8B7-F391DA021CA9}.Release|Any CPU.Build.0 = Release|x64
		{21C9A4B2-E543-491F-B8B7-F391DA021CA9}.Release|Any CPU.Deploy.0 = Release|x64
		{21C9A4B2-E543-491F-B8B7-F391DA021CA9}.Release|ARM.ActiveCfg = Release|ARM
		{21C9A4B2-E543-491F-B8B7-F391DA021CA9}.Release|ARM.Build.0 = Release|ARM
		{21C9A4B2-E543-491F-B8B7-F391DA021CA9}.Release|ARM.Deploy.0 = Release|ARM
		{21C9A4B2-E543-491F-B8B7-F391DA021CA9}.Release|ARM64.ActiveCfg = Release|ARM64
		{21C9A4B2-E543-491F-B8B7-F391DA021CA9}.Release|ARM64.Build.0 = Release|ARM64
		{21C9A4B2-E543-491F-B8B7-F391DA021CA9}.Release|ARM64.Deploy.0 = Release|ARM64
		{21C9A4B2-E543-491F-B8B7-F391DA021CA9}.Release|x64.ActiveCfg = Release|x64
		{21C9A4B2-E543-491F-B8B7-F391DA021CA9}.Release|x64.Build.0 = Release|x64
		{21C9A4B2-E543-491F-B8B7-F391DA021CA9}.Release|x64.Deploy.0 = Release|x64
		{21C9A4B2-E543-491F-B8B7-F391DA021CA9}.Release|x86.ActiveCfg = Release|x86
		{21C9A4B2-E543-491F-B8B7-F391DA021CA9}.Release|x86.Build.0 = Release|x86
		{21C9A4B2-E543-491F-B8B7-F391DA021CA9}.Release|x86.Deploy.0 = Release|x86
		{104481F9-315A-4396-ADCB-2C3DFB5EA3B7}.Debug|Any CPU.ActiveCfg = Debug|Any CPU
		{104481F9-315A-4396-ADCB-2C3DFB5EA3B7}.Debug|Any CPU.Build.0 = Debug|Any CPU
		{104481F9-315A-4396-ADCB-2C3DFB5EA3B7}.Debug|ARM.ActiveCfg = Debug|Any CPU
		{104481F9-315A-4396-ADCB-2C3DFB5EA3B7}.Debug|ARM.Build.0 = Debug|Any CPU
		{104481F9-315A-4396-ADCB-2C3DFB5EA3B7}.Debug|ARM64.ActiveCfg = Debug|Any CPU
		{104481F9-315A-4396-ADCB-2C3DFB5EA3B7}.Debug|ARM64.Build.0 = Debug|Any CPU
		{104481F9-315A-4396-ADCB-2C3DFB5EA3B7}.Debug|x64.ActiveCfg = Debug|Any CPU
		{104481F9-315A-4396-ADCB-2C3DFB5EA3B7}.Debug|x64.Build.0 = Debug|Any CPU
		{104481F9-315A-4396-ADCB-2C3DFB5EA3B7}.Debug|x86.ActiveCfg = Debug|Any CPU
		{104481F9-315A-4396-ADCB-2C3DFB5EA3B7}.Debug|x86.Build.0 = Debug|Any CPU
		{104481F9-315A-4396-ADCB-2C3DFB5EA3B7}.Release|Any CPU.ActiveCfg = Release|Any CPU
		{104481F9-315A-4396-ADCB-2C3DFB5EA3B7}.Release|Any CPU.Build.0 = Release|Any CPU
		{104481F9-315A-4396-ADCB-2C3DFB5EA3B7}.Release|ARM.ActiveCfg = Release|Any CPU
		{104481F9-315A-4396-ADCB-2C3DFB5EA3B7}.Release|ARM.Build.0 = Release|Any CPU
		{104481F9-315A-4396-ADCB-2C3DFB5EA3B7}.Release|ARM64.ActiveCfg = Release|Any CPU
		{104481F9-315A-4396-ADCB-2C3DFB5EA3B7}.Release|ARM64.Build.0 = Release|Any CPU
		{104481F9-315A-4396-ADCB-2C3DFB5EA3B7}.Release|x64.ActiveCfg = Release|Any CPU
		{104481F9-315A-4396-ADCB-2C3DFB5EA3B7}.Release|x64.Build.0 = Release|Any CPU
		{104481F9-315A-4396-ADCB-2C3DFB5EA3B7}.Release|x86.ActiveCfg = Release|Any CPU
		{104481F9-315A-4396-ADCB-2C3DFB5EA3B7}.Release|x86.Build.0 = Release|Any CPU
	EndGlobalSection
	GlobalSection(SolutionProperties) = preSolution
		HideSolutionNode = FALSE
	EndGlobalSection
	GlobalSection(ExtensibilityGlobals) = postSolution
		SolutionGuid = {08DA5AA8-A3ED-403E-806B-EFEBE8F02F04}
	EndGlobalSection
EndGlobal
